
Microsoft Visual Studio Solution File, Format Version 12.00
# Visual Studio 15
VisualStudioVersion = 15.0.27703.2047
MinimumVisualStudioVersion = 10.0.40219.1
Project("{FAE04EC0-301F-11D3-BF4B-00C04F79EFBC}") = "csNetworkTest", "csNetworkTest\csNetworkTest.csproj", "{60DFB7D5-68DF-4C5B-A71F-699BFC3BBC63}"
EndProject
Global
	GlobalSection(SolutionConfigurationPlatforms) = preSolution
		Debug|Any CPU = Debug|Any CPU
		Release|Any CPU = Release|Any CPU
	EndGlobalSection
	GlobalSection(ProjectConfigurationPlatforms) = postSolution
		{60DFB7D5-68DF-4C5B-A71F-699BFC3BBC63}.Debug|Any CPU.ActiveCfg = Debug|Any CPU
		{60DFB7D5-68DF-4C5B-A71F-699BFC3BBC63}.Debug|Any CPU.Build.0 = Debug|Any CPU
		{60DFB7D5-68DF-4C5B-A71F-699BFC3BBC63}.Release|Any CPU.ActiveCfg = Release|Any CPU
		{60DFB7D5-68DF-4C5B-A71F-699BFC3BBC63}.Release|Any CPU.Build.0 = Release|Any CPU
	EndGlobalSection
	GlobalSection(SolutionProperties) = preSolution
		HideSolutionNode = FALSE
	EndGlobalSection
	GlobalSection(ExtensibilityGlobals) = postSolution
		SolutionGuid = {CE6F1E29-3D6B-41DE-9CC4-B196C08E708C}
	EndGlobalSection
EndGlobal
